
Microsoft Visual Studio Solution File, Format Version 12.00
# Visual Studio 14
VisualStudioVersion = 14.0.25420.1
MinimumVisualStudioVersion = 10.0.40219.1
Project("{FAE04EC0-301F-11D3-BF4B-00C04F79EFBC}") = "VisionUtility", "VisionUtility\VisionUtility.csproj", "{A0B5075F-DB7E-4F20-BA6A-67816A9BD66D}"
EndProject
Project("{FAE04EC0-301F-11D3-BF4B-00C04F79EFBC}") = "VisionModules", "VisionModules\VisionModules.csproj", "{4135DB4C-265A-4FF5-AF66-80DDDA368112}"
	ProjectSection(ProjectDependencies) = postProject
		{A0B5075F-DB7E-4F20-BA6A-67816A9BD66D} = {A0B5075F-DB7E-4F20-BA6A-67816A9BD66D}
	EndProjectSection
EndProject
Project("{FAE04EC0-301F-11D3-BF4B-00C04F79EFBC}") = "VisionControls", "VisionControls\VisionControls.csproj", "{814F34CE-E403-4DED-B784-EEF17F3E6E23}"
EndProject
Project("{FAE04EC0-301F-11D3-BF4B-00C04F79EFBC}") = "VisionCamera.Daheng", "VisionCamera.Daheng\VisionCamera.Daheng.csproj", "{3C4942FB-3DFA-4830-9361-3BC2013CD230}"
	ProjectSection(ProjectDependencies) = postProject
		{A0B5075F-DB7E-4F20-BA6A-67816A9BD66D} = {A0B5075F-DB7E-4F20-BA6A-67816A9BD66D}
	EndProjectSection
EndProject
Project("{FAE04EC0-301F-11D3-BF4B-00C04F79EFBC}") = "VisionCamera.Basler", "VisionCamera.Basler\VisionCamera.Basler.csproj", "{0CC952D3-738D-4E64-8F0E-41DCE0094CA1}"
	ProjectSection(ProjectDependencies) = postProject
		{A0B5075F-DB7E-4F20-BA6A-67816A9BD66D} = {A0B5075F-DB7E-4F20-BA6A-67816A9BD66D}
	EndProjectSection
EndProject
Project("{FAE04EC0-301F-11D3-BF4B-00C04F79EFBC}") = "VisionDemo", "VisionDemo\VisionDemo.csproj", "{93068FE4-A2E8-47C5-96C7-C5D4BF63ED2A}"
	ProjectSection(ProjectDependencies) = postProject
		{814F34CE-E403-4DED-B784-EEF17F3E6E23} = {814F34CE-E403-4DED-B784-EEF17F3E6E23}
		{0CC952D3-738D-4E64-8F0E-41DCE0094CA1} = {0CC952D3-738D-4E64-8F0E-41DCE0094CA1}
		{3C4942FB-3DFA-4830-9361-3BC2013CD230} = {3C4942FB-3DFA-4830-9361-3BC2013CD230}
	EndProjectSection
EndProject
Project("{54435603-DBB4-11D2-8724-00A0C9A8B90C}") = "Setup", "Setup\Setup.vdproj", "{917045EC-765D-4ABC-979A-80B1A6CD1343}"
EndProject
Global
	GlobalSection(SolutionConfigurationPlatforms) = preSolution
		Debug|Any CPU = Debug|Any CPU
		Release|Any CPU = Release|Any CPU
	EndGlobalSection
	GlobalSection(ProjectConfigurationPlatforms) = postSolution
		{A0B5075F-DB7E-4F20-BA6A-67816A9BD66D}.Debug|Any CPU.ActiveCfg = Debug|Any CPU
		{A0B5075F-DB7E-4F20-BA6A-67816A9BD66D}.Debug|Any CPU.Build.0 = Debug|Any CPU
		{A0B5075F-DB7E-4F20-BA6A-67816A9BD66D}.Release|Any CPU.ActiveCfg = Release|Any CPU
		{A0B5075F-DB7E-4F20-BA6A-67816A9BD66D}.Release|Any CPU.Build.0 = Release|Any CPU
		{4135DB4C-265A-4FF5-AF66-80DDDA368112}.Debug|Any CPU.ActiveCfg = Debug|Any CPU
		{4135DB4C-265A-4FF5-AF66-80DDDA368112}.Debug|Any CPU.Build.0 = Debug|Any CPU
		{4135DB4C-265A-4FF5-AF66-80DDDA368112}.Release|Any CPU.ActiveCfg = Release|Any CPU
		{4135DB4C-265A-4FF5-AF66-80DDDA368112}.Release|Any CPU.Build.0 = Release|Any CPU
		{814F34CE-E403-4DED-B784-EEF17F3E6E23}.Debug|Any CPU.ActiveCfg = Debug|Any CPU
		{814F34CE-E403-4DED-B784-EEF17F3E6E23}.Debug|Any CPU.Build.0 = Debug|Any CPU
		{814F34CE-E403-4DED-B784-EEF17F3E6E23}.Release|Any CPU.ActiveCfg = Release|Any CPU
		{814F34CE-E403-4DED-B784-EEF17F3E6E23}.Release|Any CPU.Build.0 = Release|Any CPU
		{3C4942FB-3DFA-4830-9361-3BC2013CD230}.Debug|Any CPU.ActiveCfg = Debug|Any CPU
		{3C4942FB-3DFA-4830-9361-3BC2013CD230}.Debug|Any CPU.Build.0 = Debug|Any CPU
		{3C4942FB-3DFA-4830-9361-3BC2013CD230}.Release|Any CPU.ActiveCfg = Release|Any CPU
		{3C4942FB-3DFA-4830-9361-3BC2013CD230}.Release|Any CPU.Build.0 = Release|Any CPU
		{0CC952D3-738D-4E64-8F0E-41DCE0094CA1}.Debug|Any CPU.ActiveCfg = Debug|Any CPU
		{0CC952D3-738D-4E64-8F0E-41DCE0094CA1}.Debug|Any CPU.Build.0 = Debug|Any CPU
		{0CC952D3-738D-4E64-8F0E-41DCE0094CA1}.Release|Any CPU.ActiveCfg = Release|Any CPU
		{0CC952D3-738D-4E64-8F0E-41DCE0094CA1}.Release|Any CPU.Build.0 = Release|Any CPU
		{93068FE4-A2E8-47C5-96C7-C5D4BF63ED2A}.Debug|Any CPU.ActiveCfg = Debug|Any CPU
		{93068FE4-A2E8-47C5-96C7-C5D4BF63ED2A}.Debug|Any CPU.Build.0 = Debug|Any CPU
		{93068FE4-A2E8-47C5-96C7-C5D4BF63ED2A}.Release|Any CPU.ActiveCfg = Release|Any CPU
		{93068FE4-A2E8-47C5-96C7-C5D4BF63ED2A}.Release|Any CPU.Build.0 = Release|Any CPU
		{917045EC-765D-4ABC-979A-80B1A6CD1343}.Debug|Any CPU.ActiveCfg = Debug
		{917045EC-765D-4ABC-979A-80B1A6CD1343}.Release|Any CPU.ActiveCfg = Release
	EndGlobalSection
	GlobalSection(SolutionProperties) = preSolution
		HideSolutionNode = FALSE
	EndGlobalSection
EndGlobal
